// !$*UTF8*$!
{
	archiveVersion = 1;
	classes = {
	};
	objectVersion = 46;
	objects = {

/* Begin PBXBuildFile section */
		D5052ACF18FE6D3100BA6B0D /* Foundation.framework in Frameworks */ = {isa = PBXBuildFile; fileRef = D5052ACE18FE6D3100BA6B0D /* Foundation.framework */; };
		D5052AD118FE6D3100BA6B0D /* CoreGraphics.framework in Frameworks */ = {isa = PBXBuildFile; fileRef = D5052AD018FE6D3100BA6B0D /* CoreGraphics.framework */; };
		D5052AD318FE6D3100BA6B0D /* UIKit.framework in Frameworks */ = {isa = PBXBuildFile; fileRef = D5052AD218FE6D3100BA6B0D /* UIKit.framework */; };
		D5052AD918FE6D3100BA6B0D /* InfoPlist.strings in Resources */ = {isa = PBXBuildFile; fileRef = D5052AD718FE6D3100BA6B0D /* InfoPlist.strings */; };
		D5052ADB18FE6D3100BA6B0D /* main.m in Sources */ = {isa = PBXBuildFile; fileRef = D5052ADA18FE6D3100BA6B0D /* main.m */; };
		D5052ADF18FE6D3100BA6B0D /* DDAppDelegate.m in Sources */ = {isa = PBXBuildFile; fileRef = D5052ADE18FE6D3100BA6B0D /* DDAppDelegate.m */; };
		D5052AE118FE6D3100BA6B0D /* Images.xcassets in Resources */ = {isa = PBXBuildFile; fileRef = D5052AE018FE6D3100BA6B0D /* Images.xcassets */; };
		D5052AE818FE6D3200BA6B0D /* XCTest.framework in Frameworks */ = {isa = PBXBuildFile; fileRef = D5052AE718FE6D3100BA6B0D /* XCTest.framework */; };
		D5052AE918FE6D3200BA6B0D /* Foundation.framework in Frameworks */ = {isa = PBXBuildFile; fileRef = D5052ACE18FE6D3100BA6B0D /* Foundation.framework */; };
		D5052AEA18FE6D3200BA6B0D /* UIKit.framework in Frameworks */ = {isa = PBXBuildFile; fileRef = D5052AD218FE6D3100BA6B0D /* UIKit.framework */; };
		D5052AF218FE6D3200BA6B0D /* InfoPlist.strings in Resources */ = {isa = PBXBuildFile; fileRef = D5052AF018FE6D3200BA6B0D /* InfoPlist.strings */; };
		D5052AF418FE6D3200BA6B0D /* GoogleJSMapTests.m in Sources */ = {isa = PBXBuildFile; fileRef = D5052AF318FE6D3200BA6B0D /* GoogleJSMapTests.m */; };
		D5052AFF18FE6D5100BA6B0D /* DDRootViewController.m in Sources */ = {isa = PBXBuildFile; fileRef = D5052AFE18FE6D5100BA6B0D /* DDRootViewController.m */; };
		D5052B0118FE70C100BA6B0D /* jsMap.html in Resources */ = {isa = PBXBuildFile; fileRef = D5052B0018FE70C100BA6B0D /* jsMap.html */; };
		D5052B0E18FE784700BA6B0D /* DDGoogleJSMapView.m in Sources */ = {isa = PBXBuildFile; fileRef = D5052B0D18FE784700BA6B0D /* DDGoogleJSMapView.m */; };
		D5052B1218FE78EE00BA6B0D /* DDGoogleJSMapView+MapActionEx.m in Sources */ = {isa = PBXBuildFile; fileRef = D5052B1118FE78EE00BA6B0D /* DDGoogleJSMapView+MapActionEx.m */; };
		D5052B1818FE798E00BA6B0D /* NSString+CTExtensions.m in Sources */ = {isa = PBXBuildFile; fileRef = D5052B1518FE798E00BA6B0D /* NSString+CTExtensions.m */; };
		D5052B1918FE798E00BA6B0D /* JSONKit.m in Sources */ = {isa = PBXBuildFile; fileRef = D5052B1718FE798E00BA6B0D /* JSONKit.m */; settings = {COMPILER_FLAGS = "-fno-objc-arc"; }; };
		D5052B1B18FE79AA00BA6B0D /* CoreLocation.framework in Frameworks */ = {isa = PBXBuildFile; fileRef = D5052B1A18FE79AA00BA6B0D /* CoreLocation.framework */; };
		D5052B1E18FE7B0800BA6B0D /* DDMapMarker.m in Sources */ = {isa = PBXBuildFile; fileRef = D5052B1D18FE7B0800BA6B0D /* DDMapMarker.m */; };
/* End PBXBuildFile section */

/* Begin PBXContainerItemProxy section */
		D5052AEB18FE6D3200BA6B0D /* PBXContainerItemProxy */ = {
			isa = PBXContainerItemProxy;
			containerPortal = D5052AC318FE6D3100BA6B0D /* Project object */;
			proxyType = 1;
			remoteGlobalIDString = D5052ACA18FE6D3100BA6B0D;
			remoteInfo = GoogleJSMap;
		};
/* End PBXContainerItemProxy section */

/* Begin PBXFileReference section */
		D5052ACB18FE6D3100BA6B0D /* GoogleJSMap.app */ = {isa = PBXFileReference; explicitFileType = wrapper.application; includeInIndex = 0; path = GoogleJSMap.app; sourceTree = BUILT_PRODUCTS_DIR; };
		D5052ACE18FE6D3100BA6B0D /* Foundation.framework */ = {isa = PBXFileReference; lastKnownFileType = wrapper.framework; name = Foundation.framework; path = System/Library/Frameworks/Foundation.framework; sourceTree = SDKROOT; };
		D5052AD018FE6D3100BA6B0D /* CoreGraphics.framework */ = {isa = PBXFileReference; lastKnownFileType = wrapper.framework; name = CoreGraphics.framework; path = System/Library/Frameworks/CoreGraphics.framework; sourceTree = SDKROOT; };
		D5052AD218FE6D3100BA6B0D /* UIKit.framework */ = {isa = PBXFileReference; lastKnownFileType = wrapper.framework; name = UIKit.framework; path = System/Library/Frameworks/UIKit.framework; sourceTree = SDKROOT; };
		D5052AD618FE6D3100BA6B0D /* GoogleJSMap-Info.plist */ = {isa = PBXFileReference; lastKnownFileType = text.plist.xml; path = "GoogleJSMap-Info.plist"; sourceTree = "<group>"; };
		D5052AD818FE6D3100BA6B0D /* en */ = {isa = PBXFileReference; lastKnownFileType = text.plist.strings; name = en; path = en.lproj/InfoPlist.strings; sourceTree = "<group>"; };
		D5052ADA18FE6D3100BA6B0D /* main.m */ = {isa = PBXFileReference; lastKnownFileType = sourcecode.c.objc; path = main.m; sourceTree = "<group>"; };
		D5052ADC18FE6D3100BA6B0D /* GoogleJSMap-Prefix.pch */ = {isa = PBXFileReference; lastKnownFileType = sourcecode.c.h; path = "GoogleJSMap-Prefix.pch"; sourceTree = "<group>"; };
		D5052ADD18FE6D3100BA6B0D /* DDAppDelegate.h */ = {isa = PBXFileReference; lastKnownFileType = sourcecode.c.h; path = DDAppDelegate.h; sourceTree = "<group>"; };
		D5052ADE18FE6D3100BA6B0D /* DDAppDelegate.m */ = {isa = PBXFileReference; lastKnownFileType = sourcecode.c.objc; path = DDAppDelegate.m; sourceTree = "<group>"; };
		D5052AE018FE6D3100BA6B0D /* Images.xcassets */ = {isa = PBXFileReference; lastKnownFileType = folder.assetcatalog; path = Images.xcassets; sourceTree = "<group>"; };
		D5052AE618FE6D3100BA6B0D /* GoogleJSMapTests.xctest */ = {isa = PBXFileReference; explicitFileType = wrapper.cfbundle; includeInIndex = 0; path = GoogleJSMapTests.xctest; sourceTree = BUILT_PRODUCTS_DIR; };
		D5052AE718FE6D3100BA6B0D /* XCTest.framework */ = {isa = PBXFileReference; lastKnownFileType = wrapper.framework; name = XCTest.framework; path = Library/Frameworks/XCTest.framework; sourceTree = DEVELOPER_DIR; };
		D5052AEF18FE6D3200BA6B0D /* GoogleJSMapTests-Info.plist */ = {isa = PBXFileReference; lastKnownFileType = text.plist.xml; path = "GoogleJSMapTests-Info.plist"; sourceTree = "<group>"; };
		D5052AF118FE6D3200BA6B0D /* en */ = {isa = PBXFileReference; lastKnownFileType = text.plist.strings; name = en; path = en.lproj/InfoPlist.strings; sourceTree = "<group>"; };
		D5052AF318FE6D3200BA6B0D /* GoogleJSMapTests.m */ = {isa = PBXFileReference; lastKnownFileType = sourcecode.c.objc; path = GoogleJSMapTests.m; sourceTree = "<group>"; };
		D5052AFD18FE6D5100BA6B0D /* DDRootViewController.h */ = {isa = PBXFileReference; fileEncoding = 4; lastKnownFileType = sourcecode.c.h; path = DDRootViewController.h; sourceTree = "<group>"; };
		D5052AFE18FE6D5100BA6B0D /* DDRootViewController.m */ = {isa = PBXFileReference; fileEncoding = 4; lastKnownFileType = sourcecode.c.objc; path = DDRootViewController.m; sourceTree = "<group>"; };
		D5052B0018FE70C100BA6B0D /* jsMap.html */ = {isa = PBXFileReference; fileEncoding = 4; lastKnownFileType = text.html; path = jsMap.html; sourceTree = "<group>"; };
		D5052B0C18FE784700BA6B0D /* DDGoogleJSMapView.h */ = {isa = PBXFileReference; fileEncoding = 4; lastKnownFileType = sourcecode.c.h; path = DDGoogleJSMapView.h; sourceTree = "<group>"; };
		D5052B0D18FE784700BA6B0D /* DDGoogleJSMapView.m */ = {isa = PBXFileReference; fileEncoding = 4; lastKnownFileType = sourcecode.c.objc; path = DDGoogleJSMapView.m; sourceTree = "<group>"; };
		D5052B1018FE78EE00BA6B0D /* DDGoogleJSMapView+MapActionEx.h */ = {isa = PBXFileReference; fileEncoding = 4; lastKnownFileType = sourcecode.c.h; path = "DDGoogleJSMapView+MapActionEx.h"; sourceTree = "<group>"; };
		D5052B1118FE78EE00BA6B0D /* DDGoogleJSMapView+MapActionEx.m */ = {isa = PBXFileReference; fileEncoding = 4; lastKnownFileType = sourcecode.c.objc; path = "DDGoogleJSMapView+MapActionEx.m"; sourceTree = "<group>"; };
		D5052B1418FE798E00BA6B0D /* NSString+CTExtensions.h */ = {isa = PBXFileReference; fileEncoding = 4; lastKnownFileType = sourcecode.c.h; path = "NSString+CTExtensions.h"; sourceTree = "<group>"; };
		D5052B1518FE798E00BA6B0D /* NSString+CTExtensions.m */ = {isa = PBXFileReference; fileEncoding = 4; lastKnownFileType = sourcecode.c.objc; path = "NSString+CTExtensions.m"; sourceTree = "<group>"; };
		D5052B1618FE798E00BA6B0D /* JSONKit.h */ = {isa = PBXFileReference; fileEncoding = 4; lastKnownFileType = sourcecode.c.h; path = JSONKit.h; sourceTree = "<group>"; };
		D5052B1718FE798E00BA6B0D /* JSONKit.m */ = {isa = PBXFileReference; fileEncoding = 4; lastKnownFileType = sourcecode.c.objc; path = JSONKit.m; sourceTree = "<group>"; };
		D5052B1A18FE79AA00BA6B0D /* CoreLocation.framework */ = {isa = PBXFileReference; lastKnownFileType = wrapper.framework; name = CoreLocation.framework; path = System/Library/Frameworks/CoreLocation.framework; sourceTree = SDKROOT; };
		D5052B1C18FE7B0800BA6B0D /* DDMapMarker.h */ = {isa = PBXFileReference; fileEncoding = 4; lastKnownFileType = sourcecode.c.h; path = DDMapMarker.h; sourceTree = "<group>"; };
		D5052B1D18FE7B0800BA6B0D /* DDMapMarker.m */ = {isa = PBXFileReference; fileEncoding = 4; lastKnownFileType = sourcecode.c.objc; path = DDMapMarker.m; sourceTree = "<group>"; };
/* End PBXFileReference section */

/* Begin PBXFrameworksBuildPhase section */
		D5052AC818FE6D3100BA6B0D /* Frameworks */ = {
			isa = PBXFrameworksBuildPhase;
			buildActionMask = 2147483647;
			files = (
				D5052B1B18FE79AA00BA6B0D /* CoreLocation.framework in Frameworks */,
				D5052AD118FE6D3100BA6B0D /* CoreGraphics.framework in Frameworks */,
				D5052AD318FE6D3100BA6B0D /* UIKit.framework in Frameworks */,
				D5052ACF18FE6D3100BA6B0D /* Foundation.framework in Frameworks */,
			);
			runOnlyForDeploymentPostprocessing = 0;
		};
		D5052AE318FE6D3100BA6B0D /* Frameworks */ = {
			isa = PBXFrameworksBuildPhase;
			buildActionMask = 2147483647;
			files = (
				D5052AE818FE6D3200BA6B0D /* XCTest.framework in Frameworks */,
				D5052AEA18FE6D3200BA6B0D /* UIKit.framework in Frameworks */,
				D5052AE918FE6D3200BA6B0D /* Foundation.framework in Frameworks */,
			);
			runOnlyForDeploymentPostprocessing = 0;
		};
/* End PBXFrameworksBuildPhase section */

/* Begin PBXGroup section */
		D5052AC218FE6D3100BA6B0D = {
			isa = PBXGroup;
			children = (
				D5052AD418FE6D3100BA6B0D /* GoogleJSMap */,
				D5052AED18FE6D3200BA6B0D /* GoogleJSMapTests */,
				D5052ACD18FE6D3100BA6B0D /* Frameworks */,
				D5052ACC18FE6D3100BA6B0D /* Products */,
			);
			sourceTree = "<group>";
		};
		D5052ACC18FE6D3100BA6B0D /* Products */ = {
			isa = PBXGroup;
			children = (
				D5052ACB18FE6D3100BA6B0D /* GoogleJSMap.app */,
				D5052AE618FE6D3100BA6B0D /* GoogleJSMapTests.xctest */,
			);
			name = Products;
			sourceTree = "<group>";
		};
		D5052ACD18FE6D3100BA6B0D /* Frameworks */ = {
			isa = PBXGroup;
			children = (
				D5052B1A18FE79AA00BA6B0D /* CoreLocation.framework */,
				D5052ACE18FE6D3100BA6B0D /* Foundation.framework */,
				D5052AD018FE6D3100BA6B0D /* CoreGraphics.framework */,
				D5052AD218FE6D3100BA6B0D /* UIKit.framework */,
				D5052AE718FE6D3100BA6B0D /* XCTest.framework */,
			);
			name = Frameworks;
			sourceTree = "<group>";
		};
		D5052AD418FE6D3100BA6B0D /* GoogleJSMap */ = {
			isa = PBXGroup;
			children = (
				D5BCC00018FF9E0B0072AB94 /* SDK */,
				D5052B1318FE798000BA6B0D /* ThirdPart */,
				D5052B0218FE70C700BA6B0D /* Resource */,
				D5052ADD18FE6D3100BA6B0D /* DDAppDelegate.h */,
				D5052ADE18FE6D3100BA6B0D /* DDAppDelegate.m */,
				D5052AFD18FE6D5100BA6B0D /* DDRootViewController.h */,
				D5052AFE18FE6D5100BA6B0D /* DDRootViewController.m */,
				D5052AE018FE6D3100BA6B0D /* Images.xcassets */,
				D5052AD518FE6D3100BA6B0D /* Supporting Files */,
			);
			path = GoogleJSMap;
			sourceTree = "<group>";
		};
		D5052AD518FE6D3100BA6B0D /* Supporting Files */ = {
			isa = PBXGroup;
			children = (
				D5052AD618FE6D3100BA6B0D /* GoogleJSMap-Info.plist */,
				D5052AD718FE6D3100BA6B0D /* InfoPlist.strings */,
				D5052ADA18FE6D3100BA6B0D /* main.m */,
				D5052ADC18FE6D3100BA6B0D /* GoogleJSMap-Prefix.pch */,
			);
			name = "Supporting Files";
			sourceTree = "<group>";
		};
		D5052AED18FE6D3200BA6B0D /* GoogleJSMapTests */ = {
			isa = PBXGroup;
			children = (
				D5052AF318FE6D3200BA6B0D /* GoogleJSMapTests.m */,
				D5052AEE18FE6D3200BA6B0D /* Supporting Files */,
			);
			path = GoogleJSMapTests;
			sourceTree = "<group>";
		};
		D5052AEE18FE6D3200BA6B0D /* Supporting Files */ = {
			isa = PBXGroup;
			children = (
				D5052AEF18FE6D3200BA6B0D /* GoogleJSMapTests-Info.plist */,
				D5052AF018FE6D3200BA6B0D /* InfoPlist.strings */,
			);
			name = "Supporting Files";
			sourceTree = "<group>";
		};
		D5052B0218FE70C700BA6B0D /* Resource */ = {
			isa = PBXGroup;
			children = (
				D5052B0018FE70C100BA6B0D /* jsMap.html */,
			);
			name = Resource;
			sourceTree = "<group>";
		};
		D5052B1318FE798000BA6B0D /* ThirdPart */ = {
			isa = PBXGroup;
			children = (
				D5052B1418FE798E00BA6B0D /* NSString+CTExtensions.h */,
				D5052B1518FE798E00BA6B0D /* NSString+CTExtensions.m */,
				D5052B1618FE798E00BA6B0D /* JSONKit.h */,
				D5052B1718FE798E00BA6B0D /* JSONKit.m */,
			);
			name = ThirdPart;
			sourceTree = "<group>";
		};
		D5BCC00018FF9E0B0072AB94 /* SDK */ = {
			isa = PBXGroup;
			children = (
				D5052B0C18FE784700BA6B0D /* DDGoogleJSMapView.h */,
				D5052B0D18FE784700BA6B0D /* DDGoogleJSMapView.m */,
				D5052B1018FE78EE00BA6B0D /* DDGoogleJSMapView+MapActionEx.h */,
				D5052B1118FE78EE00BA6B0D /* DDGoogleJSMapView+MapActionEx.m */,
				D5052B1C18FE7B0800BA6B0D /* DDMapMarker.h */,
				D5052B1D18FE7B0800BA6B0D /* DDMapMarker.m */,
			);
			name = SDK;
			sourceTree = "<group>";
		};
/* End PBXGroup section */

/* Begin PBXNativeTarget section */
		D5052ACA18FE6D3100BA6B0D /* GoogleJSMap */ = {
			isa = PBXNativeTarget;
			buildConfigurationList = D5052AF718FE6D3200BA6B0D /* Build configuration list for PBXNativeTarget "GoogleJSMap" */;
			buildPhases = (
				D5052AC718FE6D3100BA6B0D /* Sources */,
				D5052AC818FE6D3100BA6B0D /* Frameworks */,
				D5052AC918FE6D3100BA6B0D /* Resources */,
			);
			buildRules = (
			);
			dependencies = (
			);
			name = GoogleJSMap;
			productName = GoogleJSMap;
			productReference = D5052ACB18FE6D3100BA6B0D /* GoogleJSMap.app */;
			productType = "com.apple.product-type.application";
		};
		D5052AE518FE6D3100BA6B0D /* GoogleJSMapTests */ = {
			isa = PBXNativeTarget;
			buildConfigurationList = D5052AFA18FE6D3200BA6B0D /* Build configuration list for PBXNativeTarget "GoogleJSMapTests" */;
			buildPhases = (
				D5052AE218FE6D3100BA6B0D /* Sources */,
				D5052AE318FE6D3100BA6B0D /* Frameworks */,
				D5052AE418FE6D3100BA6B0D /* Resources */,
			);
			buildRules = (
			);
			dependencies = (
				D5052AEC18FE6D3200BA6B0D /* PBXTargetDependency */,
			);
			name = GoogleJSMapTests;
			productName = GoogleJSMapTests;
			productReference = D5052AE618FE6D3100BA6B0D /* GoogleJSMapTests.xctest */;
			productType = "com.apple.product-type.bundle.unit-test";
		};
/* End PBXNativeTarget section */

/* Begin PBXProject section */
		D5052AC318FE6D3100BA6B0D /* Project object */ = {
			isa = PBXProject;
			attributes = {
				CLASSPREFIX = DD;
				LastUpgradeCheck = 0510;
				ORGANIZATIONNAME = lawn;
				TargetAttributes = {
					D5052AE518FE6D3100BA6B0D = {
						TestTargetID = D5052ACA18FE6D3100BA6B0D;
					};
				};
			};
			buildConfigurationList = D5052AC618FE6D3100BA6B0D /* Build configuration list for PBXProject "GoogleJSMap" */;
			compatibilityVersion = "Xcode 3.2";
			developmentRegion = English;
			hasScannedForEncodings = 0;
			knownRegions = (
				en,
			);
			mainGroup = D5052AC218FE6D3100BA6B0D;
			productRefGroup = D5052ACC18FE6D3100BA6B0D /* Products */;
			projectDirPath = "";
			projectRoot = "";
			targets = (
				D5052ACA18FE6D3100BA6B0D /* GoogleJSMap */,
				D5052AE518FE6D3100BA6B0D /* GoogleJSMapTests */,
			);
		};
/* End PBXProject section */

/* Begin PBXResourcesBuildPhase section */
		D5052AC918FE6D3100BA6B0D /* Resources */ = {
			isa = PBXResourcesBuildPhase;
			buildActionMask = 2147483647;
			files = (
				D5052AD918FE6D3100BA6B0D /* InfoPlist.strings in Resources */,
				D5052B0118FE70C100BA6B0D /* jsMap.html in Resources */,
				D5052AE118FE6D3100BA6B0D /* Images.xcassets in Resources */,
			);
			runOnlyForDeploymentPostprocessing = 0;
		};
		D5052AE418FE6D3100BA6B0D /* Resources */ = {
			isa = PBXResourcesBuildPhase;
			buildActionMask = 2147483647;
			files = (
				D5052AF218FE6D3200BA6B0D /* InfoPlist.strings in Resources */,
			);
			runOnlyForDeploymentPostprocessing = 0;
		};
/* End PBXResourcesBuildPhase section */

/* Begin PBXSourcesBuildPhase section */
		D5052AC718FE6D3100BA6B0D /* Sources */ = {
			isa = PBXSourcesBuildPhase;
			buildActionMask = 2147483647;
			files = (
				D5052AFF18FE6D5100BA6B0D /* DDRootViewController.m in Sources */,
				D5052B1E18FE7B0800BA6B0D /* DDMapMarker.m in Sources */,
				D5052B1218FE78EE00BA6B0D /* DDGoogleJSMapView+MapActionEx.m in Sources */,
				D5052B0E18FE784700BA6B0D /* DDGoogleJSMapView.m in Sources */,
				D5052ADF18FE6D3100BA6B0D /* DDAppDelegate.m in Sources */,
				D5052B1818FE798E00BA6B0D /* NSString+CTExtensions.m in Sources */,
				D5052B1918FE798E00BA6B0D /* JSONKit.m in Sources */,
				D5052ADB18FE6D3100BA6B0D /* main.m in Sources */,
			);
			runOnlyForDeploymentPostprocessing = 0;
		};
		D5052AE218FE6D3100BA6B0D /* Sources */ = {
			isa = PBXSourcesBuildPhase;
			buildActionMask = 2147483647;
			files = (
				D5052AF418FE6D3200BA6B0D /* GoogleJSMapTests.m in Sources */,
			);
			runOnlyForDeploymentPostprocessing = 0;
		};
/* End PBXSourcesBuildPhase section */

/* Begin PBXTargetDependency section */
		D5052AEC18FE6D3200BA6B0D /* PBXTargetDependency */ = {
			isa = PBXTargetDependency;
			target = D5052ACA18FE6D3100BA6B0D /* GoogleJSMap */;
			targetProxy = D5052AEB18FE6D3200BA6B0D /* PBXContainerItemProxy */;
		};
/* End PBXTargetDependency section */

/* Begin PBXVariantGroup section */
		D5052AD718FE6D3100BA6B0D /* InfoPlist.strings */ = {
			isa = PBXVariantGroup;
			children = (
				D5052AD818FE6D3100BA6B0D /* en */,
			);
			name = InfoPlist.strings;
			sourceTree = "<group>";
		};
		D5052AF018FE6D3200BA6B0D /* InfoPlist.strings */ = {
			isa = PBXVariantGroup;
			children = (
				D5052AF118FE6D3200BA6B0D /* en */,
			);
			name = InfoPlist.strings;
			sourceTree = "<group>";
		};
/* End PBXVariantGroup section */

/* Begin XCBuildConfiguration section */
		D5052AF518FE6D3200BA6B0D /* Debug */ = {
			isa = XCBuildConfiguration;
			buildSettings = {
				ALWAYS_SEARCH_USER_PATHS = NO;
				CLANG_CXX_LANGUAGE_STANDARD = "gnu++0x";
				CLANG_CXX_LIBRARY = "libc++";
				CLANG_ENABLE_MODULES = YES;
				CLANG_ENABLE_OBJC_ARC = YES;
				CLANG_WARN_BOOL_CONVERSION = YES;
				CLANG_WARN_CONSTANT_CONVERSION = YES;
				CLANG_WARN_DIRECT_OBJC_ISA_USAGE = YES_ERROR;
				CLANG_WARN_EMPTY_BODY = YES;
				CLANG_WARN_ENUM_CONVERSION = YES;
				CLANG_WARN_INT_CONVERSION = YES;
				CLANG_WARN_OBJC_ROOT_CLASS = YES_ERROR;
				CLANG_WARN__DUPLICATE_METHOD_MATCH = YES;
				"CODE_SIGN_IDENTITY[sdk=iphoneos*]" = "iPhone Developer";
				COPY_PHASE_STRIP = NO;
				GCC_C_LANGUAGE_STANDARD = gnu99;
				GCC_DYNAMIC_NO_PIC = NO;
				GCC_OPTIMIZATION_LEVEL = 0;
				GCC_PREPROCESSOR_DEFINITIONS = (
					"DEBUG=1",
					"$(inherited)",
				);
				GCC_SYMBOLS_PRIVATE_EXTERN = NO;
				GCC_WARN_64_TO_32_BIT_CONVERSION = YES;
				GCC_WARN_ABOUT_RETURN_TYPE = YES_ERROR;
				GCC_WARN_UNDECLARED_SELECTOR = YES;
				GCC_WARN_UNINITIALIZED_AUTOS = YES_AGGRESSIVE;
				GCC_WARN_UNUSED_FUNCTION = YES;
				GCC_WARN_UNUSED_VARIABLE = YES;
				IPHONEOS_DEPLOYMENT_TARGET = 7.1;
				ONLY_ACTIVE_ARCH = YES;
				SDKROOT = iphoneos;
			};
			name = Debug;
		};
		D5052AF618FE6D3200BA6B0D /* Release */ = {
			isa = XCBuildConfiguration;
			buildSettings = {
				ALWAYS_SEARCH_USER_PATHS = NO;
				CLANG_CXX_LANGUAGE_STANDARD = "gnu++0x";
				CLANG_CXX_LIBRARY = "libc++";
				CLANG_ENABLE_MODULES = YES;
				CLANG_ENABLE_OBJC_ARC = YES;
				CLANG_WARN_BOOL_CONVERSION = YES;
				CLANG_WARN_CONSTANT_CONVERSION = YES;
				CLANG_WARN_DIRECT_OBJC_ISA_USAGE = YES_ERROR;
				CLANG_WARN_EMPTY_BODY = YES;
				CLANG_WARN_ENUM_CONVERSION = YES;
				CLANG_WARN_INT_CONVERSION = YES;
				CLANG_WARN_OBJC_ROOT_CLASS = YES_ERROR;
				CLANG_WARN__DUPLICATE_METHOD_MATCH = YES;
				"CODE_SIGN_IDENTITY[sdk=iphoneos*]" = "iPhone Developer";
				COPY_PHASE_STRIP = YES;
				ENABLE_NS_ASSERTIONS = NO;
				GCC_C_LANGUAGE_STANDARD = gnu99;
				GCC_WARN_64_TO_32_BIT_CONVERSION = YES;
				GCC_WARN_ABOUT_RETURN_TYPE = YES_ERROR;
				GCC_WARN_UNDECLARED_SELECTOR = YES;
				GCC_WARN_UNINITIALIZED_AUTOS = YES_AGGRESSIVE;
				GCC_WARN_UNUSED_FUNCTION = YES;
				GCC_WARN_UNUSED_VARIABLE = YES;
				IPHONEOS_DEPLOYMENT_TARGET = 7.1;
				SDKROOT = iphoneos;
				VALIDATE_PRODUCT = YES;
			};
			name = Release;
		};
		D5052AF818FE6D3200BA6B0D /* Debug */ = {
			isa = XCBuildConfiguration;
			buildSettings = {
				ASSETCATALOG_COMPILER_APPICON_NAME = AppIcon;
				ASSETCATALOG_COMPILER_LAUNCHIMAGE_NAME = LaunchImage;
				GCC_PRECOMPILE_PREFIX_HEADER = YES;
				GCC_PREFIX_HEADER = "GoogleJSMap/GoogleJSMap-Prefix.pch";
				INFOPLIST_FILE = "GoogleJSMap/GoogleJSMap-Info.plist";
				PRODUCT_NAME = "$(TARGET_NAME)";
				WRAPPER_EXTENSION = app;
			};
			name = Debug;
		};
		D5052AF918FE6D3200BA6B0D /* Release */ = {
			isa = XCBuildConfiguration;
			buildSettings = {
				ASSETCATALOG_COMPILER_APPICON_NAME = AppIcon;
				ASSETCATALOG_COMPILER_LAUNCHIMAGE_NAME = LaunchImage;
				GCC_PRECOMPILE_PREFIX_HEADER = YES;
				GCC_PREFIX_HEADER = "GoogleJSMap/GoogleJSMap-Prefix.pch";
				INFOPLIST_FILE = "GoogleJSMap/GoogleJSMap-Info.plist";
				PRODUCT_NAME = "$(TARGET_NAME)";
				WRAPPER_EXTENSION = app;
			};
			name = Release;
		};
		D5052AFB18FE6D3200BA6B0D /* Debug */ = {
			isa = XCBuildConfiguration;
			buildSettings = {
				BUNDLE_LOADER = "$(BUILT_PRODUCTS_DIR)/GoogleJSMap.app/GoogleJSMap";
				FRAMEWORK_SEARCH_PATHS = (
					"$(SDKROOT)/Developer/Library/Frameworks",
					"$(inherited)",
					"$(DEVELOPER_FRAMEWORKS_DIR)",
				);
				GCC_PRECOMPILE_PREFIX_HEADER = YES;
				GCC_PREFIX_HEADER = "GoogleJSMap/GoogleJSMap-Prefix.pch";
				GCC_PREPROCESSOR_DEFINITIONS = (
					"DEBUG=1",
					"$(inherited)",
				);
				INFOPLIST_FILE = "GoogleJSMapTests/GoogleJSMapTests-Info.plist";
				PRODUCT_NAME = "$(TARGET_NAME)";
				TEST_HOST = "$(BUNDLE_LOADER)";
				WRAPPER_EXTENSION = xctest;
			};
			name = Debug;
		};
		D5052AFC18FE6D3200BA6B0D /* Release */ = {
			isa = XCBuildConfiguration;
			buildSettings = {
				BUNDLE_LOADER = "$(BUILT_PRODUCTS_DIR)/GoogleJSMap.app/GoogleJSMap";
				FRAMEWORK_SEARCH_PATHS = (
					"$(SDKROOT)/Developer/Library/Frameworks",
					"$(inherited)",
					"$(DEVELOPER_FRAMEWORKS_DIR)",
				);
				GCC_PRECOMPILE_PREFIX_HEADER = YES;
				GCC_PREFIX_HEADER = "GoogleJSMap/GoogleJSMap-Prefix.pch";
				INFOPLIST_FILE = "GoogleJSMapTests/GoogleJSMapTests-Info.plist";
				PRODUCT_NAME = "$(TARGET_NAME)";
				TEST_HOST = "$(BUNDLE_LOADER)";
				WRAPPER_EXTENSION = xctest;
			};
			name = Release;
		};
/* End XCBuildConfiguration section */

/* Begin XCConfigurationList section */
		D5052AC618FE6D3100BA6B0D /* Build configuration list for PBXProject "GoogleJSMap" */ = {
			isa = XCConfigurationList;
			buildConfigurations = (
				D5052AF518FE6D3200BA6B0D /* Debug */,
				D5052AF618FE6D3200BA6B0D /* Release */,
			);
			defaultConfigurationIsVisible = 0;
			defaultConfigurationName = Release;
		};
		D5052AF718FE6D3200BA6B0D /* Build configuration list for PBXNativeTarget "GoogleJSMap" */ = {
			isa = XCConfigurationList;
			buildConfigurations = (
				D5052AF818FE6D3200BA6B0D /* Debug */,
				D5052AF918FE6D3200BA6B0D /* Release */,
			);
			defaultConfigurationIsVisible = 0;
			defaultConfigurationName = Release;
		};
		D5052AFA18FE6D3200BA6B0D /* Build configuration list for PBXNativeTarget "GoogleJSMapTests" */ = {
			isa = XCConfigurationList;
			buildConfigurations = (
				D5052AFB18FE6D3200BA6B0D /* Debug */,
				D5052AFC18FE6D3200BA6B0D /* Release */,
			);
			defaultConfigurationIsVisible = 0;
			defaultConfigurationName = Release;
		};
/* End XCConfigurationList section */
	};
	rootObject = D5052AC318FE6D3100BA6B0D /* Project object */;
}
